// !$*UTF8*$!
{
	archiveVersion = 1;
	classes = {
	};
	objectVersion = 77;
	objects = {

/* Begin PBXBuildFile section */
		046CBD79DA6F8740DEFFA8CD /* ConversationalOnboardingViewModel.swift in Sources */ = {isa = PBXBuildFile; fileRef = 869D2555E55A4E957A14A78E /* ConversationalOnboardingViewModel.swift */; };
		052EE3AE8A4856D3524B5394 /* ContentView.swift in Sources */ = {isa = PBXBuildFile; fileRef = 4BA351020F48AAEB24F28875 /* ContentView.swift */; };
		0C478C45CC1982AC0E26A23D /* SmartGoalPlanningView.swift in Sources */ = {isa = PBXBuildFile; fileRef = 856E5BD9E87566C1CAC71FA8 /* SmartGoalPlanningView.swift */; };
		18297FAFC2C7CC604A99770B /* ErrorView.swift in Sources */ = {isa = PBXBuildFile; fileRef = B36739444AF490E7D1A65588 /* ErrorView.swift */; };
		241CFAC9A32285E7DF2C87DF /* ProfileSetupView.swift in Sources */ = {isa = PBXBuildFile; fileRef = D893EB649C468CEB5FB2B9FD /* ProfileSetupView.swift */; };
		2A61E94A7CB4BCAD94D7694D /* ProfileView.swift in Sources */ = {isa = PBXBuildFile; fileRef = 365B7CD982B22CA98EFB2187 /* ProfileView.swift */; };
		491596C1C555A8C67109D18E /* LoadingView.swift in Sources */ = {isa = PBXBuildFile; fileRef = 091C0529393A18D1C1433F67 /* LoadingView.swift */; };
		5553E25C3C5B7B00656BA32A /* SessionInitializationViewModel.swift in Sources */ = {isa = PBXBuildFile; fileRef = 160E5D0F227791E6661A034C /* SessionInitializationViewModel.swift */; };
		5A6171455060BDA858F886C5 /* OnboardingCoordinator.swift in Sources */ = {isa = PBXBuildFile; fileRef = D25F9A7B2666F62C63322E72 /* OnboardingCoordinator.swift */; };
		6616FD403EE8128F4C78D86A /* GoalSelectionView.swift in Sources */ = {isa = PBXBuildFile; fileRef = 88F53A35CD647C97D11DB60F /* GoalSelectionView.swift */; };
		7600A09E7C7D23D70A0CD5B3 /* LoginView.swift in Sources */ = {isa = PBXBuildFile; fileRef = 9E6CA8FCCEB894A0DFAB738F /* LoginView.swift */; };
		7E62FCEDA148E32A662C9A93 /* AuthViewModel.swift in Sources */ = {isa = PBXBuildFile; fileRef = B80DECC1C1F7E8667BD37F5F /* AuthViewModel.swift */; };
		973E3C3747329ABE7C868C99 /* SignUpView.swift in Sources */ = {isa = PBXBuildFile; fileRef = 3795444891A845954C7EA39D /* SignUpView.swift */; };
		ACE4F32893987B55D7DB4BDB /* PermissionsView.swift in Sources */ = {isa = PBXBuildFile; fileRef = 0BA39EA583A661A89384C931 /* PermissionsView.swift */; };
		BEFA5A0CCE28AA69D09CC7DB /* MainTabView.swift in Sources */ = {isa = PBXBuildFile; fileRef = 687E2254EA7C599417E70EE9 /* MainTabView.swift */; };
		BF81FB6B60EFCC1BA604B9C2 /* SessionCoordinatorView.swift in Sources */ = {isa = PBXBuildFile; fileRef = FEACED6688F942F6483A0DB1 /* SessionCoordinatorView.swift */; };
		CA58EDE998027CB6104C7BF8 /* BedrockTestView.swift in Sources */ = {isa = PBXBuildFile; fileRef = D4AE547B95DFBAB0A34F0277 /* BedrockTestView.swift */; };
		DFACECD5E4F8BADCEDE0181B /* GoalManagementView.swift in Sources */ = {isa = PBXBuildFile; fileRef = 01A449ADBA4627DC98CC9B60 /* GoalManagementView.swift */; };
		E630575F64746F4E9E033AA0 /* AgentConversationViewModel.swift in Sources */ = {isa = PBXBuildFile; fileRef = BF245DDD8B268271545CFBB4 /* AgentConversationViewModel.swift */; };
		E7DDF6A2B5E4CC8588251D52 /* WelcomeView.swift in Sources */ = {isa = PBXBuildFile; fileRef = C153B460A6B20DF05D3F24C8 /* WelcomeView.swift */; };
		E86987E7A3CEE1152ADFAEEB /* ConversationalOnboardingView.swift in Sources */ = {isa = PBXBuildFile; fileRef = 443A80772400C2129D9E54F7 /* ConversationalOnboardingView.swift */; };
		EB93E52583A1D857864FCEBD /* AgentConversationView.swift in Sources */ = {isa = PBXBuildFile; fileRef = D5386EA3ED62E01A615ACD5B /* AgentConversationView.swift */; };
		F3CD57C143FB853C489FBCC8 /* AmigoApp.swift in Sources */ = {isa = PBXBuildFile; fileRef = E79E57DD71B2E862187BB38C /* AmigoApp.swift */; };
/* End PBXBuildFile section */

/* Begin PBXFileReference section */
		01A449ADBA4627DC98CC9B60 /* GoalManagementView.swift */ = {isa = PBXFileReference; lastKnownFileType = sourcecode.swift; path = GoalManagementView.swift; sourceTree = "<group>"; };
		091C0529393A18D1C1433F67 /* LoadingView.swift */ = {isa = PBXFileReference; lastKnownFileType = sourcecode.swift; path = LoadingView.swift; sourceTree = "<group>"; };
		0BA39EA583A661A89384C931 /* PermissionsView.swift */ = {isa = PBXFileReference; lastKnownFileType = sourcecode.swift; path = PermissionsView.swift; sourceTree = "<group>"; };
		160E5D0F227791E6661A034C /* SessionInitializationViewModel.swift */ = {isa = PBXFileReference; lastKnownFileType = sourcecode.swift; path = SessionInitializationViewModel.swift; sourceTree = "<group>"; };
		3305E04868BC111AB25AEB08 /* Amigo.app */ = {isa = PBXFileReference; includeInIndex = 0; lastKnownFileType = wrapper.application; path = Amigo.app; sourceTree = BUILT_PRODUCTS_DIR; };
		365B7CD982B22CA98EFB2187 /* ProfileView.swift */ = {isa = PBXFileReference; lastKnownFileType = sourcecode.swift; path = ProfileView.swift; sourceTree = "<group>"; };
		3795444891A845954C7EA39D /* SignUpView.swift */ = {isa = PBXFileReference; lastKnownFileType = sourcecode.swift; path = SignUpView.swift; sourceTree = "<group>"; };
		443A80772400C2129D9E54F7 /* ConversationalOnboardingView.swift */ = {isa = PBXFileReference; lastKnownFileType = sourcecode.swift; path = ConversationalOnboardingView.swift; sourceTree = "<group>"; };
		4BA351020F48AAEB24F28875 /* ContentView.swift */ = {isa = PBXFileReference; lastKnownFileType = sourcecode.swift; path = ContentView.swift; sourceTree = "<group>"; };
		687E2254EA7C599417E70EE9 /* MainTabView.swift */ = {isa = PBXFileReference; lastKnownFileType = sourcecode.swift; path = MainTabView.swift; sourceTree = "<group>"; };
		856E5BD9E87566C1CAC71FA8 /* SmartGoalPlanningView.swift */ = {isa = PBXFileReference; lastKnownFileType = sourcecode.swift; path = SmartGoalPlanningView.swift; sourceTree = "<group>"; };
		869D2555E55A4E957A14A78E /* ConversationalOnboardingViewModel.swift */ = {isa = PBXFileReference; lastKnownFileType = sourcecode.swift; path = ConversationalOnboardingViewModel.swift; sourceTree = "<group>"; };
		88F53A35CD647C97D11DB60F /* GoalSelectionView.swift */ = {isa = PBXFileReference; lastKnownFileType = sourcecode.swift; path = GoalSelectionView.swift; sourceTree = "<group>"; };
		9E6CA8FCCEB894A0DFAB738F /* LoginView.swift */ = {isa = PBXFileReference; lastKnownFileType = sourcecode.swift; path = LoginView.swift; sourceTree = "<group>"; };
		B36739444AF490E7D1A65588 /* ErrorView.swift */ = {isa = PBXFileReference; lastKnownFileType = sourcecode.swift; path = ErrorView.swift; sourceTree = "<group>"; };
		B80DECC1C1F7E8667BD37F5F /* AuthViewModel.swift */ = {isa = PBXFileReference; lastKnownFileType = sourcecode.swift; path = AuthViewModel.swift; sourceTree = "<group>"; };
		BF245DDD8B268271545CFBB4 /* AgentConversationViewModel.swift */ = {isa = PBXFileReference; lastKnownFileType = sourcecode.swift; path = AgentConversationViewModel.swift; sourceTree = "<group>"; };
		C153B460A6B20DF05D3F24C8 /* WelcomeView.swift */ = {isa = PBXFileReference; lastKnownFileType = sourcecode.swift; path = WelcomeView.swift; sourceTree = "<group>"; };
		D25F9A7B2666F62C63322E72 /* OnboardingCoordinator.swift */ = {isa = PBXFileReference; lastKnownFileType = sourcecode.swift; path = OnboardingCoordinator.swift; sourceTree = "<group>"; };
		D4AE547B95DFBAB0A34F0277 /* BedrockTestView.swift */ = {isa = PBXFileReference; lastKnownFileType = sourcecode.swift; path = BedrockTestView.swift; sourceTree = "<group>"; };
		D5386EA3ED62E01A615ACD5B /* AgentConversationView.swift */ = {isa = PBXFileReference; lastKnownFileType = sourcecode.swift; path = AgentConversationView.swift; sourceTree = "<group>"; };
		D893EB649C468CEB5FB2B9FD /* ProfileSetupView.swift */ = {isa = PBXFileReference; lastKnownFileType = sourcecode.swift; path = ProfileSetupView.swift; sourceTree = "<group>"; };
		E79E57DD71B2E862187BB38C /* AmigoApp.swift */ = {isa = PBXFileReference; lastKnownFileType = sourcecode.swift; path = AmigoApp.swift; sourceTree = "<group>"; };
		FEACED6688F942F6483A0DB1 /* SessionCoordinatorView.swift */ = {isa = PBXFileReference; lastKnownFileType = sourcecode.swift; path = SessionCoordinatorView.swift; sourceTree = "<group>"; };
/* End PBXFileReference section */

/* Begin PBXGroup section */
		2F4935CC641261716086E2FA /* Session */ = {
			isa = PBXGroup;
			children = (
				B36739444AF490E7D1A65588 /* ErrorView.swift */,
				091C0529393A18D1C1433F67 /* LoadingView.swift */,
				FEACED6688F942F6483A0DB1 /* SessionCoordinatorView.swift */,
				160E5D0F227791E6661A034C /* SessionInitializationViewModel.swift */,
			);
			path = Session;
			sourceTree = "<group>";
		};
		33D80055B0D7278B54C658FE /* Auth */ = {
			isa = PBXGroup;
			children = (
				B80DECC1C1F7E8667BD37F5F /* AuthViewModel.swift */,
				9E6CA8FCCEB894A0DFAB738F /* LoginView.swift */,
				3795444891A845954C7EA39D /* SignUpView.swift */,
			);
			path = Auth;
			sourceTree = "<group>";
		};
		6C342F9E6DDD525B1A0C394B /* Products */ = {
			isa = PBXGroup;
			children = (
				3305E04868BC111AB25AEB08 /* Amigo.app */,
			);
			name = Products;
			sourceTree = "<group>";
		};
		6F9CF219D68C8DEAF791F82E = {
			isa = PBXGroup;
			children = (
				A7F305F3480D1C0736B15C2B /* Amigo */,
				6C342F9E6DDD525B1A0C394B /* Products */,
			);
			sourceTree = "<group>";
		};
		94C4AC59C75A41F755744C3B /* Profile */ = {
			isa = PBXGroup;
			children = (
				01A449ADBA4627DC98CC9B60 /* GoalManagementView.swift */,
				365B7CD982B22CA98EFB2187 /* ProfileView.swift */,
				856E5BD9E87566C1CAC71FA8 /* SmartGoalPlanningView.swift */,
			);
			path = Profile;
			sourceTree = "<group>";
		};
		A7F305F3480D1C0736B15C2B /* Amigo */ = {
			isa = PBXGroup;
			children = (
				E79E57DD71B2E862187BB38C /* AmigoApp.swift */,
				D4AE547B95DFBAB0A34F0277 /* BedrockTestView.swift */,
				4BA351020F48AAEB24F28875 /* ContentView.swift */,
				687E2254EA7C599417E70EE9 /* MainTabView.swift */,
				33D80055B0D7278B54C658FE /* Auth */,
				B9E200332F83211E05B87B3B /* Onboarding */,
				94C4AC59C75A41F755744C3B /* Profile */,
				2F4935CC641261716086E2FA /* Session */,
				CF92FAF2FBE8EF4606E09344 /* Shared */,
			);
			path = Amigo;
			sourceTree = "<group>";
		};
		B9E200332F83211E05B87B3B /* Onboarding */ = {
			isa = PBXGroup;
			children = (
				443A80772400C2129D9E54F7 /* ConversationalOnboardingView.swift */,
				869D2555E55A4E957A14A78E /* ConversationalOnboardingViewModel.swift */,
				88F53A35CD647C97D11DB60F /* GoalSelectionView.swift */,
				D25F9A7B2666F62C63322E72 /* OnboardingCoordinator.swift */,
				0BA39EA583A661A89384C931 /* PermissionsView.swift */,
				D893EB649C468CEB5FB2B9FD /* ProfileSetupView.swift */,
				C153B460A6B20DF05D3F24C8 /* WelcomeView.swift */,
			);
			path = Onboarding;
			sourceTree = "<group>";
		};
		CF92FAF2FBE8EF4606E09344 /* Shared */ = {
			isa = PBXGroup;
			children = (
				D5386EA3ED62E01A615ACD5B /* AgentConversationView.swift */,
				BF245DDD8B268271545CFBB4 /* AgentConversationViewModel.swift */,
			);
			path = Shared;
			sourceTree = "<group>";
		};
/* End PBXGroup section */

/* Begin PBXNativeTarget section */
		27BD5E0C2D0010A4C8E12F9F /* Amigo */ = {
			isa = PBXNativeTarget;
			buildConfigurationList = 3E75FA18E7CF543E304283D5 /* Build configuration list for PBXNativeTarget "Amigo" */;
			buildPhases = (
				22619CB386B5B2343E269342 /* Build KMP Framework */,
				EE0BC0308D0FB0D5ED7F4F35 /* Sources */,
			);
			buildRules = (
			);
			dependencies = (
			);
			name = Amigo;
			packageProductDependencies = (
			);
			productName = Amigo;
			productReference = 3305E04868BC111AB25AEB08 /* Amigo.app */;
			productType = "com.apple.product-type.application";
		};
/* End PBXNativeTarget section */

/* Begin PBXProject section */
		B8D69788D500DCC1A481256E /* Project object */ = {
			isa = PBXProject;
			attributes = {
				BuildIndependentTargetsInParallel = YES;
				LastUpgradeCheck = 1430;
				TargetAttributes = {
				};
			};
			buildConfigurationList = 5DE432DF49EE17C2902762CB /* Build configuration list for PBXProject "Amigo" */;
			developmentRegion = en;
			hasScannedForEncodings = 0;
			knownRegions = (
				Base,
				en,
			);
			mainGroup = 6F9CF219D68C8DEAF791F82E;
			minimizedProjectReferenceProxies = 1;
			preferredProjectObjectVersion = 77;
			productRefGroup = 6C342F9E6DDD525B1A0C394B /* Products */;
			projectDirPath = "";
			projectRoot = "";
			targets = (
				27BD5E0C2D0010A4C8E12F9F /* Amigo */,
			);
		};
/* End PBXProject section */

/* Begin PBXShellScriptBuildPhase section */
		22619CB386B5B2343E269342 /* Build KMP Framework */ = {
			isa = PBXShellScriptBuildPhase;
			alwaysOutOfDate = 1;
			buildActionMask = 2147483647;
			files = (
			);
			inputFileListPaths = (
			);
			inputPaths = (
			);
			name = "Build KMP Framework";
			outputFileListPaths = (
			);
			outputPaths = (
			);
			runOnlyForDeploymentPostprocessing = 0;
			shellPath = /bin/sh;
			shellScript = "cd \"$SRCROOT/..\"\n./gradlew :shared:embedAndSignAppleFrameworkForXcode\n";
		};
/* End PBXShellScriptBuildPhase section */

/* Begin PBXSourcesBuildPhase section */
		EE0BC0308D0FB0D5ED7F4F35 /* Sources */ = {
			isa = PBXSourcesBuildPhase;
			buildActionMask = 2147483647;
			files = (
				EB93E52583A1D857864FCEBD /* AgentConversationView.swift in Sources */,
				E630575F64746F4E9E033AA0 /* AgentConversationViewModel.swift in Sources */,
				F3CD57C143FB853C489FBCC8 /* AmigoApp.swift in Sources */,
				7E62FCEDA148E32A662C9A93 /* AuthViewModel.swift in Sources */,
				CA58EDE998027CB6104C7BF8 /* BedrockTestView.swift in Sources */,
				052EE3AE8A4856D3524B5394 /* ContentView.swift in Sources */,
				E86987E7A3CEE1152ADFAEEB /* ConversationalOnboardingView.swift in Sources */,
				046CBD79DA6F8740DEFFA8CD /* ConversationalOnboardingViewModel.swift in Sources */,
				18297FAFC2C7CC604A99770B /* ErrorView.swift in Sources */,
				DFACECD5E4F8BADCEDE0181B /* GoalManagementView.swift in Sources */,
				6616FD403EE8128F4C78D86A /* GoalSelectionView.swift in Sources */,
				491596C1C555A8C67109D18E /* LoadingView.swift in Sources */,
				7600A09E7C7D23D70A0CD5B3 /* LoginView.swift in Sources */,
				BEFA5A0CCE28AA69D09CC7DB /* MainTabView.swift in Sources */,
				5A6171455060BDA858F886C5 /* OnboardingCoordinator.swift in Sources */,
				ACE4F32893987B55D7DB4BDB /* PermissionsView.swift in Sources */,
				241CFAC9A32285E7DF2C87DF /* ProfileSetupView.swift in Sources */,
				2A61E94A7CB4BCAD94D7694D /* ProfileView.swift in Sources */,
				BF81FB6B60EFCC1BA604B9C2 /* SessionCoordinatorView.swift in Sources */,
				5553E25C3C5B7B00656BA32A /* SessionInitializationViewModel.swift in Sources */,
				973E3C3747329ABE7C868C99 /* SignUpView.swift in Sources */,
				0C478C45CC1982AC0E26A23D /* SmartGoalPlanningView.swift in Sources */,
				E7DDF6A2B5E4CC8588251D52 /* WelcomeView.swift in Sources */,
			);
			runOnlyForDeploymentPostprocessing = 0;
		};
/* End PBXSourcesBuildPhase section */

/* Begin XCBuildConfiguration section */
		785746196612C258CBC43F34 /* Release */ = {
			isa = XCBuildConfiguration;
			buildSettings = {
				ALWAYS_SEARCH_USER_PATHS = NO;
				CLANG_ANALYZER_NONNULL = YES;
				CLANG_ANALYZER_NUMBER_OBJECT_CONVERSION = YES_AGGRESSIVE;
				CLANG_CXX_LANGUAGE_STANDARD = "gnu++14";
				CLANG_CXX_LIBRARY = "libc++";
				CLANG_ENABLE_MODULES = YES;
				CLANG_ENABLE_OBJC_ARC = YES;
				CLANG_ENABLE_OBJC_WEAK = YES;
				CLANG_WARN_BLOCK_CAPTURE_AUTORELEASING = YES;
				CLANG_WARN_BOOL_CONVERSION = YES;
				CLANG_WARN_COMMA = YES;
				CLANG_WARN_CONSTANT_CONVERSION = YES;
				CLANG_WARN_DEPRECATED_OBJC_IMPLEMENTATIONS = YES;
				CLANG_WARN_DIRECT_OBJC_ISA_USAGE = YES_ERROR;
				CLANG_WARN_DOCUMENTATION_COMMENTS = YES;
				CLANG_WARN_EMPTY_BODY = YES;
				CLANG_WARN_ENUM_CONVERSION = YES;
				CLANG_WARN_INFINITE_RECURSION = YES;
				CLANG_WARN_INT_CONVERSION = YES;
				CLANG_WARN_NON_LITERAL_NULL_CONVERSION = YES;
				CLANG_WARN_OBJC_IMPLICIT_RETAIN_SELF = YES;
				CLANG_WARN_OBJC_LITERAL_CONVERSION = YES;
				CLANG_WARN_OBJC_ROOT_CLASS = YES_ERROR;
				CLANG_WARN_QUOTED_INCLUDE_IN_FRAMEWORK_HEADER = YES;
				CLANG_WARN_RANGE_LOOP_ANALYSIS = YES;
				CLANG_WARN_STRICT_PROTOTYPES = YES;
				CLANG_WARN_SUSPICIOUS_MOVE = YES;
				CLANG_WARN_UNGUARDED_AVAILABILITY = YES_AGGRESSIVE;
				CLANG_WARN_UNREACHABLE_CODE = YES;
				CLANG_WARN__DUPLICATE_METHOD_MATCH = YES;
				COPY_PHASE_STRIP = NO;
				DEBUG_INFORMATION_FORMAT = "dwarf-with-dsym";
				ENABLE_NS_ASSERTIONS = NO;
				ENABLE_STRICT_OBJC_MSGSEND = YES;
				GCC_C_LANGUAGE_STANDARD = gnu11;
				GCC_NO_COMMON_BLOCKS = YES;
				GCC_WARN_64_TO_32_BIT_CONVERSION = YES;
				GCC_WARN_ABOUT_RETURN_TYPE = YES_ERROR;
				GCC_WARN_UNDECLARED_SELECTOR = YES;
				GCC_WARN_UNINITIALIZED_AUTOS = YES_AGGRESSIVE;
				GCC_WARN_UNUSED_FUNCTION = YES;
				GCC_WARN_UNUSED_VARIABLE = YES;
				IPHONEOS_DEPLOYMENT_TARGET = 16.0;
				MTL_ENABLE_DEBUG_INFO = NO;
				MTL_FAST_MATH = YES;
				PRODUCT_NAME = "$(TARGET_NAME)";
				SDKROOT = iphoneos;
				SWIFT_COMPILATION_MODE = wholemodule;
				SWIFT_OPTIMIZATION_LEVEL = "-O";
				SWIFT_VERSION = 5.0;
			};
			name = Release;
		};
		96DACC9DC2233B5B4CFA64B5 /* Debug */ = {
			isa = XCBuildConfiguration;
			buildSettings = {
				ALWAYS_SEARCH_USER_PATHS = NO;
				CLANG_ANALYZER_NONNULL = YES;
				CLANG_ANALYZER_NUMBER_OBJECT_CONVERSION = YES_AGGRESSIVE;
				CLANG_CXX_LANGUAGE_STANDARD = "gnu++14";
				CLANG_CXX_LIBRARY = "libc++";
				CLANG_ENABLE_MODULES = YES;
				CLANG_ENABLE_OBJC_ARC = YES;
				CLANG_ENABLE_OBJC_WEAK = YES;
				CLANG_WARN_BLOCK_CAPTURE_AUTORELEASING = YES;
				CLANG_WARN_BOOL_CONVERSION = YES;
				CLANG_WARN_COMMA = YES;
				CLANG_WARN_CONSTANT_CONVERSION = YES;
				CLANG_WARN_DEPRECATED_OBJC_IMPLEMENTATIONS = YES;
				CLANG_WARN_DIRECT_OBJC_ISA_USAGE = YES_ERROR;
				CLANG_WARN_DOCUMENTATION_COMMENTS = YES;
				CLANG_WARN_EMPTY_BODY = YES;
				CLANG_WARN_ENUM_CONVERSION = YES;
				CLANG_WARN_INFINITE_RECURSION = YES;
				CLANG_WARN_INT_CONVERSION = YES;
				CLANG_WARN_NON_LITERAL_NULL_CONVERSION = YES;
				CLANG_WARN_OBJC_IMPLICIT_RETAIN_SELF = YES;
				CLANG_WARN_OBJC_LITERAL_CONVERSION = YES;
				CLANG_WARN_OBJC_ROOT_CLASS = YES_ERROR;
				CLANG_WARN_QUOTED_INCLUDE_IN_FRAMEWORK_HEADER = YES;
				CLANG_WARN_RANGE_LOOP_ANALYSIS = YES;
				CLANG_WARN_STRICT_PROTOTYPES = YES;
				CLANG_WARN_SUSPICIOUS_MOVE = YES;
				CLANG_WARN_UNGUARDED_AVAILABILITY = YES_AGGRESSIVE;
				CLANG_WARN_UNREACHABLE_CODE = YES;
				CLANG_WARN__DUPLICATE_METHOD_MATCH = YES;
				COPY_PHASE_STRIP = NO;
				DEBUG_INFORMATION_FORMAT = dwarf;
				ENABLE_STRICT_OBJC_MSGSEND = YES;
				ENABLE_TESTABILITY = YES;
				GCC_C_LANGUAGE_STANDARD = gnu11;
				GCC_DYNAMIC_NO_PIC = NO;
				GCC_NO_COMMON_BLOCKS = YES;
				GCC_OPTIMIZATION_LEVEL = 0;
				GCC_PREPROCESSOR_DEFINITIONS = (
					"$(inherited)",
					"DEBUG=1",
				);
				GCC_WARN_64_TO_32_BIT_CONVERSION = YES;
				GCC_WARN_ABOUT_RETURN_TYPE = YES_ERROR;
				GCC_WARN_UNDECLARED_SELECTOR = YES;
				GCC_WARN_UNINITIALIZED_AUTOS = YES_AGGRESSIVE;
				GCC_WARN_UNUSED_FUNCTION = YES;
				GCC_WARN_UNUSED_VARIABLE = YES;
				IPHONEOS_DEPLOYMENT_TARGET = 16.0;
				MTL_ENABLE_DEBUG_INFO = INCLUDE_SOURCE;
				MTL_FAST_MATH = YES;
				ONLY_ACTIVE_ARCH = YES;
				PRODUCT_NAME = "$(TARGET_NAME)";
				SDKROOT = iphoneos;
				SWIFT_ACTIVE_COMPILATION_CONDITIONS = DEBUG;
				SWIFT_OPTIMIZATION_LEVEL = "-Onone";
				SWIFT_VERSION = 5.0;
			};
			name = Debug;
		};
		9B1D291A6E6960AB5B967561 /* Release */ = {
			isa = XCBuildConfiguration;
			buildSettings = {
				ASSETCATALOG_COMPILER_APPICON_NAME = AppIcon;
				CODE_SIGN_IDENTITY = "iPhone Developer";
				ENABLE_USER_SCRIPT_SANDBOXING = NO;
				FRAMEWORK_SEARCH_PATHS = "$(inherited) $(SRCROOT)/../shared/build/xcode-frameworks/$(CONFIGURATION)/iphonesimulator18.2";
				INFOPLIST_FILE = Amigo/Info.plist;
				IPHONEOS_DEPLOYMENT_TARGET = 16.0;
				LD_RUNPATH_SEARCH_PATHS = (
					"$(inherited)",
					"@executable_path/Frameworks",
				);
				OTHER_LDFLAGS = "$(inherited) -framework shared";
				PRODUCT_BUNDLE_IDENTIFIER = com.amigoai.ios;
				SDKROOT = iphoneos;
				SWIFT_VERSION = 5.9;
				TARGETED_DEVICE_FAMILY = "1,2";
			};
			name = Release;
		};
		B7CD9FA0407EDA977C203310 /* Debug */ = {
			isa = XCBuildConfiguration;
			buildSettings = {
				ASSETCATALOG_COMPILER_APPICON_NAME = AppIcon;
				CODE_SIGN_IDENTITY = "iPhone Developer";
				ENABLE_USER_SCRIPT_SANDBOXING = NO;
				FRAMEWORK_SEARCH_PATHS = "$(inherited) $(SRCROOT)/../shared/build/xcode-frameworks/$(CONFIGURATION)/iphonesimulator18.2";
				INFOPLIST_FILE = Amigo/Info.plist;
				IPHONEOS_DEPLOYMENT_TARGET = 16.0;
				LD_RUNPATH_SEARCH_PATHS = (
					"$(inherited)",
					"@executable_path/Frameworks",
				);
				OTHER_LDFLAGS = "$(inherited) -framework shared";
				PRODUCT_BUNDLE_IDENTIFIER = com.amigoai.ios;
				SDKROOT = iphoneos;
				SWIFT_VERSION = 5.9;
				TARGETED_DEVICE_FAMILY = "1,2";
			};
			name = Debug;
		};
/* End XCBuildConfiguration section */

/* Begin XCConfigurationList section */
		3E75FA18E7CF543E304283D5 /* Build configuration list for PBXNativeTarget "Amigo" */ = {
			isa = XCConfigurationList;
			buildConfigurations = (
				B7CD9FA0407EDA977C203310 /* Debug */,
				9B1D291A6E6960AB5B967561 /* Release */,
			);
			defaultConfigurationIsVisible = 0;
			defaultConfigurationName = Debug;
		};
		5DE432DF49EE17C2902762CB /* Build configuration list for PBXProject "Amigo" */ = {
			isa = XCConfigurationList;
			buildConfigurations = (
				96DACC9DC2233B5B4CFA64B5 /* Debug */,
				785746196612C258CBC43F34 /* Release */,
			);
			defaultConfigurationIsVisible = 0;
			defaultConfigurationName = Debug;
		};
/* End XCConfigurationList section */
	};
	rootObject = B8D69788D500DCC1A481256E /* Project object */;
}
